
Microsoft Visual Studio Solution File, Format Version 12.00
# Visual Studio Version 17
VisualStudioVersion = 17.8.34525.116
MinimumVisualStudioVersion = 10.0.40219.1
Project("{FAE04EC0-301F-11D3-BF4B-00C04F79EFBC}") = "eUseControl.Charity Website", "eUseControl.Charity Website\eUseControl.Charity Website.csproj", "{EBFC4F20-4D3E-45EE-BDDE-512A4042C74B}"
EndProject
Global
	GlobalSection(SolutionConfigurationPlatforms) = preSolution
		Debug|Any CPU = Debug|Any CPU
		Release|Any CPU = Release|Any CPU
	EndGlobalSection
	GlobalSection(ProjectConfigurationPlatforms) = postSolution
		{EBFC4F20-4D3E-45EE-BDDE-512A4042C74B}.Debug|Any CPU.ActiveCfg = Debug|Any CPU
		{EBFC4F20-4D3E-45EE-BDDE-512A4042C74B}.Debug|Any CPU.Build.0 = Debug|Any CPU
		{EBFC4F20-4D3E-45EE-BDDE-512A4042C74B}.Release|Any CPU.ActiveCfg = Release|Any CPU
		{EBFC4F20-4D3E-45EE-BDDE-512A4042C74B}.Release|Any CPU.Build.0 = Release|Any CPU
	EndGlobalSection
	GlobalSection(SolutionProperties) = preSolution
		HideSolutionNode = FALSE
	EndGlobalSection
	GlobalSection(ExtensibilityGlobals) = postSolution
		SolutionGuid = {F9A8B44B-E85D-49D5-A4E9-38D319E5C9C8}
	EndGlobalSection
EndGlobal
